
Microsoft Visual Studio Solution File, Format Version 12.00
# Visual Studio Version 16
VisualStudioVersion = 16.0.30114.105
MinimumVisualStudioVersion = 10.0.40219.1
Project("{9092AA53-FB77-4645-B42D-1CCCA6BD08BD}") = "comp2068-lab3", "comp2068-lab3\comp2068-lab3.njsproj", "{B1A6B68F-D86D-4F7B-BC31-447128003585}"
EndProject
Global
	GlobalSection(SolutionConfigurationPlatforms) = preSolution
		Debug|Any CPU = Debug|Any CPU
		Release|Any CPU = Release|Any CPU
	EndGlobalSection
	GlobalSection(ProjectConfigurationPlatforms) = postSolution
		{B1A6B68F-D86D-4F7B-BC31-447128003585}.Debug|Any CPU.ActiveCfg = Debug|Any CPU
		{B1A6B68F-D86D-4F7B-BC31-447128003585}.Debug|Any CPU.Build.0 = Debug|Any CPU
		{B1A6B68F-D86D-4F7B-BC31-447128003585}.Release|Any CPU.ActiveCfg = Release|Any CPU
		{B1A6B68F-D86D-4F7B-BC31-447128003585}.Release|Any CPU.Build.0 = Release|Any CPU
	EndGlobalSection
	GlobalSection(SolutionProperties) = preSolution
		HideSolutionNode = FALSE
	EndGlobalSection
	GlobalSection(ExtensibilityGlobals) = postSolution
		SolutionGuid = {078A38CE-484D-48D4-BE99-15A2C00B750E}
	EndGlobalSection
EndGlobal
